
Microsoft Visual Studio Solution File, Format Version 12.00
# Visual Studio Version 17
VisualStudioVersion = 17.7.34024.191
MinimumVisualStudioVersion = 10.0.40219.1
Project("{9A19103F-16F7-4668-BE54-9A1E7A4F7556}") = "SubService", "SubService\SubService.csproj", "{CE7B4506-ADC7-4B1E-A48C-F699B789A9AA}"
EndProject
Project("{9A19103F-16F7-4668-BE54-9A1E7A4F7556}") = "Calculator", "Calculator\Calculator.csproj", "{2FB2FFED-4296-4F50-BE01-56094154B53A}"
EndProject
Project("{9A19103F-16F7-4668-BE54-9A1E7A4F7556}") = "CalcHistoryService", "CalcHistoryService\CalcHistoryService.csproj", "{BF006924-207B-438E-9693-CB58407D9FC1}"
EndProject
Project("{FAE04EC0-301F-11D3-BF4B-00C04F79EFBC}") = "Monitoring", "Monitoring\Monitoring.csproj", "{C63C0C09-CD6A-4CB0-B097-F2DA9F6BC679}"
EndProject
Project("{FAE04EC0-301F-11D3-BF4B-00C04F79EFBC}") = "AddService", "AddService\AddService.csproj", "{5113D9BC-1A2A-4C9A-BB31-DC9D17FF4111}"
EndProject
Global
	GlobalSection(SolutionConfigurationPlatforms) = preSolution
		Debug|Any CPU = Debug|Any CPU
		Release|Any CPU = Release|Any CPU
	EndGlobalSection
	GlobalSection(ProjectConfigurationPlatforms) = postSolution
		{CE7B4506-ADC7-4B1E-A48C-F699B789A9AA}.Debug|Any CPU.ActiveCfg = Debug|Any CPU
		{CE7B4506-ADC7-4B1E-A48C-F699B789A9AA}.Debug|Any CPU.Build.0 = Debug|Any CPU
		{CE7B4506-ADC7-4B1E-A48C-F699B789A9AA}.Release|Any CPU.ActiveCfg = Release|Any CPU
		{CE7B4506-ADC7-4B1E-A48C-F699B789A9AA}.Release|Any CPU.Build.0 = Release|Any CPU
		{2FB2FFED-4296-4F50-BE01-56094154B53A}.Debug|Any CPU.ActiveCfg = Debug|Any CPU
		{2FB2FFED-4296-4F50-BE01-56094154B53A}.Debug|Any CPU.Build.0 = Debug|Any CPU
		{2FB2FFED-4296-4F50-BE01-56094154B53A}.Release|Any CPU.ActiveCfg = Release|Any CPU
		{2FB2FFED-4296-4F50-BE01-56094154B53A}.Release|Any CPU.Build.0 = Release|Any CPU
		{BF006924-207B-438E-9693-CB58407D9FC1}.Debug|Any CPU.ActiveCfg = Debug|Any CPU
		{BF006924-207B-438E-9693-CB58407D9FC1}.Debug|Any CPU.Build.0 = Debug|Any CPU
		{BF006924-207B-438E-9693-CB58407D9FC1}.Release|Any CPU.ActiveCfg = Release|Any CPU
		{BF006924-207B-438E-9693-CB58407D9FC1}.Release|Any CPU.Build.0 = Release|Any CPU
		{C63C0C09-CD6A-4CB0-B097-F2DA9F6BC679}.Debug|Any CPU.ActiveCfg = Debug|Any CPU
		{C63C0C09-CD6A-4CB0-B097-F2DA9F6BC679}.Debug|Any CPU.Build.0 = Debug|Any CPU
		{C63C0C09-CD6A-4CB0-B097-F2DA9F6BC679}.Release|Any CPU.ActiveCfg = Release|Any CPU
		{C63C0C09-CD6A-4CB0-B097-F2DA9F6BC679}.Release|Any CPU.Build.0 = Release|Any CPU
		{5113D9BC-1A2A-4C9A-BB31-DC9D17FF4111}.Debug|Any CPU.ActiveCfg = Debug|Any CPU
		{5113D9BC-1A2A-4C9A-BB31-DC9D17FF4111}.Debug|Any CPU.Build.0 = Debug|Any CPU
		{5113D9BC-1A2A-4C9A-BB31-DC9D17FF4111}.Release|Any CPU.ActiveCfg = Release|Any CPU
		{5113D9BC-1A2A-4C9A-BB31-DC9D17FF4111}.Release|Any CPU.Build.0 = Release|Any CPU
	EndGlobalSection
	GlobalSection(SolutionProperties) = preSolution
		HideSolutionNode = FALSE
	EndGlobalSection
	GlobalSection(ExtensibilityGlobals) = postSolution
		SolutionGuid = {5D088475-2A1B-4C03-AA50-0000015E56A5}
	EndGlobalSection
EndGlobal
